
Microsoft Visual Studio Solution File, Format Version 12.00
# Visual Studio Version 16
VisualStudioVersion = 16.0.29709.97
MinimumVisualStudioVersion = 10.0.40219.1
Project("{FAE04EC0-301F-11D3-BF4B-00C04F79EFBC}") = "Studio37", "Studio37.csproj", "{F85C4336-7C15-44E5-9481-F16266E054FA}"
EndProject
Global
	GlobalSection(SolutionConfigurationPlatforms) = preSolution
		Debug|Any CPU = Debug|Any CPU
		Release|Any CPU = Release|Any CPU
	EndGlobalSection
	GlobalSection(ProjectConfigurationPlatforms) = postSolution
		{F85C4336-7C15-44E5-9481-F16266E054FA}.Debug|Any CPU.ActiveCfg = Debug|Any CPU
		{F85C4336-7C15-44E5-9481-F16266E054FA}.Debug|Any CPU.Build.0 = Debug|Any CPU
		{F85C4336-7C15-44E5-9481-F16266E054FA}.Release|Any CPU.ActiveCfg = Release|Any CPU
		{F85C4336-7C15-44E5-9481-F16266E054FA}.Release|Any CPU.Build.0 = Release|Any CPU
	EndGlobalSection
	GlobalSection(SolutionProperties) = preSolution
		HideSolutionNode = FALSE
	EndGlobalSection
	GlobalSection(ExtensibilityGlobals) = postSolution
		SolutionGuid = {ECCCB94C-F9A3-4CF5-8C46-3D37662F8DD0}
	EndGlobalSection
EndGlobal
